
Microsoft Visual Studio Solution File, Format Version 12.00
# Visual Studio 15
VisualStudioVersion = 15.0.27703.2026
MinimumVisualStudioVersion = 10.0.40219.1
Project("{FAE04EC0-301F-11D3-BF4B-00C04F79EFBC}") = "2.5D maze", "2.5D maze\2.5D maze.csproj", "{B7D1304B-373B-4A09-9F10-56F660F73B3B}"
EndProject
Project("{FAE04EC0-301F-11D3-BF4B-00C04F79EFBC}") = "Rugby score", "Rugby score\Rugby score.csproj", "{867D2F31-CAE5-4118-9CD5-0E3D83B1BE20}"
EndProject
Project("{FAE04EC0-301F-11D3-BF4B-00C04F79EFBC}") = "Carmichael numbers", "Carmichael numbers\Carmichael numbers.csproj", "{E4A1B4B0-6528-4AE2-BEF2-3F8BE89E3A2A}"
EndProject
Project("{FAE04EC0-301F-11D3-BF4B-00C04F79EFBC}") = "XML MDF-2016", "XML MDF-2016\XML MDF-2016.csproj", "{A9273FFE-3039-4925-A280-7586916BB075}"
EndProject
Project("{FAE04EC0-301F-11D3-BF4B-00C04F79EFBC}") = "Horse-racing Hyperduals", "Horse-racing Hyperduals\Horse-racing Hyperduals.csproj", "{D882FC77-DD0E-486B-A85D-2BC6BDEA62BE}"
EndProject
Global
	GlobalSection(SolutionConfigurationPlatforms) = preSolution
		Debug|Any CPU = Debug|Any CPU
		Release|Any CPU = Release|Any CPU
	EndGlobalSection
	GlobalSection(ProjectConfigurationPlatforms) = postSolution
		{B7D1304B-373B-4A09-9F10-56F660F73B3B}.Debug|Any CPU.ActiveCfg = Debug|Any CPU
		{B7D1304B-373B-4A09-9F10-56F660F73B3B}.Debug|Any CPU.Build.0 = Debug|Any CPU
		{B7D1304B-373B-4A09-9F10-56F660F73B3B}.Release|Any CPU.ActiveCfg = Release|Any CPU
		{B7D1304B-373B-4A09-9F10-56F660F73B3B}.Release|Any CPU.Build.0 = Release|Any CPU
		{867D2F31-CAE5-4118-9CD5-0E3D83B1BE20}.Debug|Any CPU.ActiveCfg = Debug|Any CPU
		{867D2F31-CAE5-4118-9CD5-0E3D83B1BE20}.Debug|Any CPU.Build.0 = Debug|Any CPU
		{867D2F31-CAE5-4118-9CD5-0E3D83B1BE20}.Release|Any CPU.ActiveCfg = Release|Any CPU
		{867D2F31-CAE5-4118-9CD5-0E3D83B1BE20}.Release|Any CPU.Build.0 = Release|Any CPU
		{E4A1B4B0-6528-4AE2-BEF2-3F8BE89E3A2A}.Debug|Any CPU.ActiveCfg = Debug|Any CPU
		{E4A1B4B0-6528-4AE2-BEF2-3F8BE89E3A2A}.Debug|Any CPU.Build.0 = Debug|Any CPU
		{E4A1B4B0-6528-4AE2-BEF2-3F8BE89E3A2A}.Release|Any CPU.ActiveCfg = Release|Any CPU
		{E4A1B4B0-6528-4AE2-BEF2-3F8BE89E3A2A}.Release|Any CPU.Build.0 = Release|Any CPU
		{A9273FFE-3039-4925-A280-7586916BB075}.Debug|Any CPU.ActiveCfg = Debug|Any CPU
		{A9273FFE-3039-4925-A280-7586916BB075}.Debug|Any CPU.Build.0 = Debug|Any CPU
		{A9273FFE-3039-4925-A280-7586916BB075}.Release|Any CPU.ActiveCfg = Release|Any CPU
		{A9273FFE-3039-4925-A280-7586916BB075}.Release|Any CPU.Build.0 = Release|Any CPU
		{D882FC77-DD0E-486B-A85D-2BC6BDEA62BE}.Debug|Any CPU.ActiveCfg = Debug|Any CPU
		{D882FC77-DD0E-486B-A85D-2BC6BDEA62BE}.Debug|Any CPU.Build.0 = Debug|Any CPU
		{D882FC77-DD0E-486B-A85D-2BC6BDEA62BE}.Release|Any CPU.ActiveCfg = Release|Any CPU
		{D882FC77-DD0E-486B-A85D-2BC6BDEA62BE}.Release|Any CPU.Build.0 = Release|Any CPU
	EndGlobalSection
	GlobalSection(SolutionProperties) = preSolution
		HideSolutionNode = FALSE
	EndGlobalSection
	GlobalSection(ExtensibilityGlobals) = postSolution
		SolutionGuid = {6A348BE7-F327-4788-9504-0140F807C732}
	EndGlobalSection
EndGlobal
